
Microsoft Visual Studio Solution File, Format Version 12.00
# Visual Studio Version 17
VisualStudioVersion = 17.8.34330.188
MinimumVisualStudioVersion = 10.0.40219.1
Project("{9A19103F-16F7-4668-BE54-9A1E7A4F7556}") = "PizzaApp.Domain", "PizzaApp.Domain\PizzaApp.Domain.csproj", "{71372D9D-C722-4B22-8210-7793ECFFEA24}"
EndProject
Project("{2150E333-8FDC-42A3-9474-1A3956D46DE8}") = "Элементы решения", "Элементы решения", "{5BF86A0C-5215-45A6-9974-CB1800951488}"
	ProjectSection(SolutionItems) = preProject
		Readme.md = Readme.md
	EndProjectSection
EndProject
Project("{FAE04EC0-301F-11D3-BF4B-00C04F79EFBC}") = "PizzaApp.Web", "PizzaApp.Web\PizzaApp.Web.csproj", "{16ADF67D-CFD1-4B9E-ABDA-4F8D646A8900}"
EndProject
Project("{FAE04EC0-301F-11D3-BF4B-00C04F79EFBC}") = "PizzaApp.Infrastructure", "PizzaApp.Infrastructure\PizzaApp.Infrastructure.csproj", "{50D3B75D-308C-46E2-B28A-C13D51560ABB}"
EndProject
Project("{FAE04EC0-301F-11D3-BF4B-00C04F79EFBC}") = "PizzaApp.Application", "PizzaApp.Application\PizzaApp.Application.csproj", "{33EA5CF2-E74C-4564-B0A2-0E763A64F10E}"
EndProject
Global
	GlobalSection(SolutionConfigurationPlatforms) = preSolution
		Debug|Any CPU = Debug|Any CPU
		Release|Any CPU = Release|Any CPU
	EndGlobalSection
	GlobalSection(ProjectConfigurationPlatforms) = postSolution
		{71372D9D-C722-4B22-8210-7793ECFFEA24}.Debug|Any CPU.ActiveCfg = Debug|Any CPU
		{71372D9D-C722-4B22-8210-7793ECFFEA24}.Debug|Any CPU.Build.0 = Debug|Any CPU
		{71372D9D-C722-4B22-8210-7793ECFFEA24}.Release|Any CPU.ActiveCfg = Release|Any CPU
		{71372D9D-C722-4B22-8210-7793ECFFEA24}.Release|Any CPU.Build.0 = Release|Any CPU
		{16ADF67D-CFD1-4B9E-ABDA-4F8D646A8900}.Debug|Any CPU.ActiveCfg = Debug|Any CPU
		{16ADF67D-CFD1-4B9E-ABDA-4F8D646A8900}.Debug|Any CPU.Build.0 = Debug|Any CPU
		{16ADF67D-CFD1-4B9E-ABDA-4F8D646A8900}.Release|Any CPU.ActiveCfg = Release|Any CPU
		{16ADF67D-CFD1-4B9E-ABDA-4F8D646A8900}.Release|Any CPU.Build.0 = Release|Any CPU
		{50D3B75D-308C-46E2-B28A-C13D51560ABB}.Debug|Any CPU.ActiveCfg = Debug|Any CPU
		{50D3B75D-308C-46E2-B28A-C13D51560ABB}.Debug|Any CPU.Build.0 = Debug|Any CPU
		{50D3B75D-308C-46E2-B28A-C13D51560ABB}.Release|Any CPU.ActiveCfg = Release|Any CPU
		{50D3B75D-308C-46E2-B28A-C13D51560ABB}.Release|Any CPU.Build.0 = Release|Any CPU
		{33EA5CF2-E74C-4564-B0A2-0E763A64F10E}.Debug|Any CPU.ActiveCfg = Debug|Any CPU
		{33EA5CF2-E74C-4564-B0A2-0E763A64F10E}.Debug|Any CPU.Build.0 = Debug|Any CPU
		{33EA5CF2-E74C-4564-B0A2-0E763A64F10E}.Release|Any CPU.ActiveCfg = Release|Any CPU
		{33EA5CF2-E74C-4564-B0A2-0E763A64F10E}.Release|Any CPU.Build.0 = Release|Any CPU
	EndGlobalSection
	GlobalSection(SolutionProperties) = preSolution
		HideSolutionNode = FALSE
	EndGlobalSection
	GlobalSection(ExtensibilityGlobals) = postSolution
		SolutionGuid = {4CEB808E-2881-4632-AD70-CAF2C68234E6}
	EndGlobalSection
EndGlobal
